// !$*UTF8*$!
{
	archiveVersion = 1;
	classes = {
	};
	objectVersion = 56;
	objects = {

/* Begin PBXBuildFile section */
		3F154C9F2A63BAE200453C7D /* Pockemon.swift in Sources */ = {isa = PBXBuildFile; fileRef = 3F154C9E2A63BAE200453C7D /* Pockemon.swift */; };
		3F154CA12A63BC5100453C7D /* PockemonStore.swift in Sources */ = {isa = PBXBuildFile; fileRef = 3F154CA02A63BC5100453C7D /* PockemonStore.swift */; };
		3F154CA52A63BCCD00453C7D /* PocketmonData.swift in Sources */ = {isa = PBXBuildFile; fileRef = 3F154CA42A63BCCD00453C7D /* PocketmonData.swift */; };
		3F154CA82A63C02F00453C7D /* PockemonDetailView.swift in Sources */ = {isa = PBXBuildFile; fileRef = 3F154CA72A63C02F00453C7D /* PockemonDetailView.swift */; };
		3F154CAA2A63C06000453C7D /* PockemonCellView.swift in Sources */ = {isa = PBXBuildFile; fileRef = 3F154CA92A63C06000453C7D /* PockemonCellView.swift */; };
		3F154CAC2A63C19400453C7D /* PockemonSetCellView.swift in Sources */ = {isa = PBXBuildFile; fileRef = 3F154CAB2A63C19400453C7D /* PockemonSetCellView.swift */; };
		3F154CAE2A63C51F00453C7D /* PockemonAddView.swift in Sources */ = {isa = PBXBuildFile; fileRef = 3F154CAD2A63C51F00453C7D /* PockemonAddView.swift */; };
		3F154CB02A63C82300453C7D /* PockemonListView.swift in Sources */ = {isa = PBXBuildFile; fileRef = 3F154CAF2A63C82300453C7D /* PockemonListView.swift */; };
		3F4E9C712A61976F00D3F2DF /* iOS_072_JangyeohoonApp.swift in Sources */ = {isa = PBXBuildFile; fileRef = 3F4E9C702A61976F00D3F2DF /* iOS_072_JangyeohoonApp.swift */; };
		3F4E9C732A61976F00D3F2DF /* ContentView.swift in Sources */ = {isa = PBXBuildFile; fileRef = 3F4E9C722A61976F00D3F2DF /* ContentView.swift */; };
		3F4E9C752A61976F00D3F2DF /* Assets.xcassets in Resources */ = {isa = PBXBuildFile; fileRef = 3F4E9C742A61976F00D3F2DF /* Assets.xcassets */; };
		3F4E9C782A61976F00D3F2DF /* Preview Assets.xcassets in Resources */ = {isa = PBXBuildFile; fileRef = 3F4E9C772A61976F00D3F2DF /* Preview Assets.xcassets */; };
/* End PBXBuildFile section */

/* Begin PBXFileReference section */
		3F154C9E2A63BAE200453C7D /* Pockemon.swift */ = {isa = PBXFileReference; lastKnownFileType = sourcecode.swift; path = Pockemon.swift; sourceTree = "<group>"; };
		3F154CA02A63BC5100453C7D /* PockemonStore.swift */ = {isa = PBXFileReference; lastKnownFileType = sourcecode.swift; path = PockemonStore.swift; sourceTree = "<group>"; };
		3F154CA42A63BCCD00453C7D /* PocketmonData.swift */ = {isa = PBXFileReference; lastKnownFileType = sourcecode.swift; path = PocketmonData.swift; sourceTree = "<group>"; };
		3F154CA72A63C02F00453C7D /* PockemonDetailView.swift */ = {isa = PBXFileReference; lastKnownFileType = sourcecode.swift; path = PockemonDetailView.swift; sourceTree = "<group>"; };
		3F154CA92A63C06000453C7D /* PockemonCellView.swift */ = {isa = PBXFileReference; lastKnownFileType = sourcecode.swift; path = PockemonCellView.swift; sourceTree = "<group>"; };
		3F154CAB2A63C19400453C7D /* PockemonSetCellView.swift */ = {isa = PBXFileReference; lastKnownFileType = sourcecode.swift; path = PockemonSetCellView.swift; sourceTree = "<group>"; };
		3F154CAD2A63C51F00453C7D /* PockemonAddView.swift */ = {isa = PBXFileReference; lastKnownFileType = sourcecode.swift; path = PockemonAddView.swift; sourceTree = "<group>"; };
		3F154CAF2A63C82300453C7D /* PockemonListView.swift */ = {isa = PBXFileReference; lastKnownFileType = sourcecode.swift; path = PockemonListView.swift; sourceTree = "<group>"; };
		3F4E9C6D2A61976F00D3F2DF /* iOS_072_Jangyeohoon.app */ = {isa = PBXFileReference; explicitFileType = wrapper.application; includeInIndex = 0; path = iOS_072_Jangyeohoon.app; sourceTree = BUILT_PRODUCTS_DIR; };
		3F4E9C702A61976F00D3F2DF /* iOS_072_JangyeohoonApp.swift */ = {isa = PBXFileReference; lastKnownFileType = sourcecode.swift; path = iOS_072_JangyeohoonApp.swift; sourceTree = "<group>"; };
		3F4E9C722A61976F00D3F2DF /* ContentView.swift */ = {isa = PBXFileReference; lastKnownFileType = sourcecode.swift; path = ContentView.swift; sourceTree = "<group>"; };
		3F4E9C742A61976F00D3F2DF /* Assets.xcassets */ = {isa = PBXFileReference; lastKnownFileType = folder.assetcatalog; path = Assets.xcassets; sourceTree = "<group>"; };
		3F4E9C772A61976F00D3F2DF /* Preview Assets.xcassets */ = {isa = PBXFileReference; lastKnownFileType = folder.assetcatalog; path = "Preview Assets.xcassets"; sourceTree = "<group>"; };
/* End PBXFileReference section */

/* Begin PBXFrameworksBuildPhase section */
		3F4E9C6A2A61976F00D3F2DF /* Frameworks */ = {
			isa = PBXFrameworksBuildPhase;
			buildActionMask = 2147483647;
			files = (
			);
			runOnlyForDeploymentPostprocessing = 0;
		};
/* End PBXFrameworksBuildPhase section */

/* Begin PBXGroup section */
		3F154CA22A63BC6700453C7D /* Model */ = {
			isa = PBXGroup;
			children = (
				3F154C9E2A63BAE200453C7D /* Pockemon.swift */,
				3F154CA02A63BC5100453C7D /* PockemonStore.swift */,
			);
			path = Model;
			sourceTree = "<group>";
		};
		3F154CA32A63BCBD00453C7D /* Data */ = {
			isa = PBXGroup;
			children = (
				3F154CA42A63BCCD00453C7D /* PocketmonData.swift */,
			);
			path = Data;
			sourceTree = "<group>";
		};
		3F154CA62A63BDAB00453C7D /* View */ = {
			isa = PBXGroup;
			children = (
				3F4E9C722A61976F00D3F2DF /* ContentView.swift */,
				3F154CAF2A63C82300453C7D /* PockemonListView.swift */,
				3F154CA72A63C02F00453C7D /* PockemonDetailView.swift */,
				3F154CAD2A63C51F00453C7D /* PockemonAddView.swift */,
				3F154CA92A63C06000453C7D /* PockemonCellView.swift */,
				3F154CAB2A63C19400453C7D /* PockemonSetCellView.swift */,
			);
			path = View;
			sourceTree = "<group>";
		};
		3F4E9C642A61976F00D3F2DF = {
			isa = PBXGroup;
			children = (
				3F4E9C6F2A61976F00D3F2DF /* iOS_072_Jangyeohoon */,
				3F4E9C6E2A61976F00D3F2DF /* Products */,
			);
			sourceTree = "<group>";
		};
		3F4E9C6E2A61976F00D3F2DF /* Products */ = {
			isa = PBXGroup;
			children = (
				3F4E9C6D2A61976F00D3F2DF /* iOS_072_Jangyeohoon.app */,
			);
			name = Products;
			sourceTree = "<group>";
		};
		3F4E9C6F2A61976F00D3F2DF /* iOS_072_Jangyeohoon */ = {
			isa = PBXGroup;
			children = (
				3F4E9C702A61976F00D3F2DF /* iOS_072_JangyeohoonApp.swift */,
				3F154CA22A63BC6700453C7D /* Model */,
				3F154CA62A63BDAB00453C7D /* View */,
				3F154CA32A63BCBD00453C7D /* Data */,
				3F4E9C742A61976F00D3F2DF /* Assets.xcassets */,
				3F4E9C762A61976F00D3F2DF /* Preview Content */,
			);
			path = iOS_072_Jangyeohoon;
			sourceTree = "<group>";
		};
		3F4E9C762A61976F00D3F2DF /* Preview Content */ = {
			isa = PBXGroup;
			children = (
				3F4E9C772A61976F00D3F2DF /* Preview Assets.xcassets */,
			);
			path = "Preview Content";
			sourceTree = "<group>";
		};
/* End PBXGroup section */

/* Begin PBXNativeTarget section */
		3F4E9C6C2A61976F00D3F2DF /* iOS_072_Jangyeohoon */ = {
			isa = PBXNativeTarget;
			buildConfigurationList = 3F4E9C7B2A61976F00D3F2DF /* Build configuration list for PBXNativeTarget "iOS_072_Jangyeohoon" */;
			buildPhases = (
				3F4E9C692A61976F00D3F2DF /* Sources */,
				3F4E9C6A2A61976F00D3F2DF /* Frameworks */,
				3F4E9C6B2A61976F00D3F2DF /* Resources */,
			);
			buildRules = (
			);
			dependencies = (
			);
			name = iOS_072_Jangyeohoon;
			productName = iOS_072_Jangyeohoon;
			productReference = 3F4E9C6D2A61976F00D3F2DF /* iOS_072_Jangyeohoon.app */;
			productType = "com.apple.product-type.application";
		};
/* End PBXNativeTarget section */

/* Begin PBXProject section */
		3F4E9C652A61976F00D3F2DF /* Project object */ = {
			isa = PBXProject;
			attributes = {
				BuildIndependentTargetsInParallel = 1;
				LastSwiftUpdateCheck = 1430;
				LastUpgradeCheck = 1430;
				TargetAttributes = {
					3F4E9C6C2A61976F00D3F2DF = {
						CreatedOnToolsVersion = 14.3.1;
					};
				};
			};
			buildConfigurationList = 3F4E9C682A61976F00D3F2DF /* Build configuration list for PBXProject "iOS_072_Jangyeohoon" */;
			compatibilityVersion = "Xcode 14.0";
			developmentRegion = en;
			hasScannedForEncodings = 0;
			knownRegions = (
				en,
				Base,
			);
			mainGroup = 3F4E9C642A61976F00D3F2DF;
			productRefGroup = 3F4E9C6E2A61976F00D3F2DF /* Products */;
			projectDirPath = "";
			projectRoot = "";
			targets = (
				3F4E9C6C2A61976F00D3F2DF /* iOS_072_Jangyeohoon */,
			);
		};
/* End PBXProject section */

/* Begin PBXResourcesBuildPhase section */
		3F4E9C6B2A61976F00D3F2DF /* Resources */ = {
			isa = PBXResourcesBuildPhase;
			buildActionMask = 2147483647;
			files = (
				3F4E9C782A61976F00D3F2DF /* Preview Assets.xcassets in Resources */,
				3F4E9C752A61976F00D3F2DF /* Assets.xcassets in Resources */,
			);
			runOnlyForDeploymentPostprocessing = 0;
		};
/* End PBXResourcesBuildPhase section */

/* Begin PBXSourcesBuildPhase section */
		3F4E9C692A61976F00D3F2DF /* Sources */ = {
			isa = PBXSourcesBuildPhase;
			buildActionMask = 2147483647;
			files = (
				3F154CAE2A63C51F00453C7D /* PockemonAddView.swift in Sources */,
				3F4E9C732A61976F00D3F2DF /* ContentView.swift in Sources */,
				3F154CB02A63C82300453C7D /* PockemonListView.swift in Sources */,
				3F154C9F2A63BAE200453C7D /* Pockemon.swift in Sources */,
				3F154CAA2A63C06000453C7D /* PockemonCellView.swift in Sources */,
				3F154CA52A63BCCD00453C7D /* PocketmonData.swift in Sources */,
				3F4E9C712A61976F00D3F2DF /* iOS_072_JangyeohoonApp.swift in Sources */,
				3F154CA12A63BC5100453C7D /* PockemonStore.swift in Sources */,
				3F154CA82A63C02F00453C7D /* PockemonDetailView.swift in Sources */,
				3F154CAC2A63C19400453C7D /* PockemonSetCellView.swift in Sources */,
			);
			runOnlyForDeploymentPostprocessing = 0;
		};
/* End PBXSourcesBuildPhase section */

/* Begin XCBuildConfiguration section */
		3F4E9C792A61976F00D3F2DF /* Debug */ = {
			isa = XCBuildConfiguration;
			buildSettings = {
				ALWAYS_SEARCH_USER_PATHS = NO;
				CLANG_ANALYZER_NONNULL = YES;
				CLANG_ANALYZER_NUMBER_OBJECT_CONVERSION = YES_AGGRESSIVE;
				CLANG_CXX_LANGUAGE_STANDARD = "gnu++20";
				CLANG_ENABLE_MODULES = YES;
				CLANG_ENABLE_OBJC_ARC = YES;
				CLANG_ENABLE_OBJC_WEAK = YES;
				CLANG_WARN_BLOCK_CAPTURE_AUTORELEASING = YES;
				CLANG_WARN_BOOL_CONVERSION = YES;
				CLANG_WARN_COMMA = YES;
				CLANG_WARN_CONSTANT_CONVERSION = YES;
				CLANG_WARN_DEPRECATED_OBJC_IMPLEMENTATIONS = YES;
				CLANG_WARN_DIRECT_OBJC_ISA_USAGE = YES_ERROR;
				CLANG_WARN_DOCUMENTATION_COMMENTS = YES;
				CLANG_WARN_EMPTY_BODY = YES;
				CLANG_WARN_ENUM_CONVERSION = YES;
				CLANG_WARN_INFINITE_RECURSION = YES;
				CLANG_WARN_INT_CONVERSION = YES;
				CLANG_WARN_NON_LITERAL_NULL_CONVERSION = YES;
				CLANG_WARN_OBJC_IMPLICIT_RETAIN_SELF = YES;
				CLANG_WARN_OBJC_LITERAL_CONVERSION = YES;
				CLANG_WARN_OBJC_ROOT_CLASS = YES_ERROR;
				CLANG_WARN_QUOTED_INCLUDE_IN_FRAMEWORK_HEADER = YES;
				CLANG_WARN_RANGE_LOOP_ANALYSIS = YES;
				CLANG_WARN_STRICT_PROTOTYPES = YES;
				CLANG_WARN_SUSPICIOUS_MOVE = YES;
				CLANG_WARN_UNGUARDED_AVAILABILITY = YES_AGGRESSIVE;
				CLANG_WARN_UNREACHABLE_CODE = YES;
				CLANG_WARN__DUPLICATE_METHOD_MATCH = YES;
				COPY_PHASE_STRIP = NO;
				DEBUG_INFORMATION_FORMAT = dwarf;
				ENABLE_STRICT_OBJC_MSGSEND = YES;
				ENABLE_TESTABILITY = YES;
				GCC_C_LANGUAGE_STANDARD = gnu11;
				GCC_DYNAMIC_NO_PIC = NO;
				GCC_NO_COMMON_BLOCKS = YES;
				GCC_OPTIMIZATION_LEVEL = 0;
				GCC_PREPROCESSOR_DEFINITIONS = (
					"DEBUG=1",
					"$(inherited)",
				);
				GCC_WARN_64_TO_32_BIT_CONVERSION = YES;
				GCC_WARN_ABOUT_RETURN_TYPE = YES_ERROR;
				GCC_WARN_UNDECLARED_SELECTOR = YES;
				GCC_WARN_UNINITIALIZED_AUTOS = YES_AGGRESSIVE;
				GCC_WARN_UNUSED_FUNCTION = YES;
				GCC_WARN_UNUSED_VARIABLE = YES;
				IPHONEOS_DEPLOYMENT_TARGET = 16.4;
				MTL_ENABLE_DEBUG_INFO = INCLUDE_SOURCE;
				MTL_FAST_MATH = YES;
				ONLY_ACTIVE_ARCH = YES;
				SDKROOT = iphoneos;
				SWIFT_ACTIVE_COMPILATION_CONDITIONS = DEBUG;
				SWIFT_OPTIMIZATION_LEVEL = "-Onone";
			};
			name = Debug;
		};
		3F4E9C7A2A61976F00D3F2DF /* Release */ = {
			isa = XCBuildConfiguration;
			buildSettings = {
				ALWAYS_SEARCH_USER_PATHS = NO;
				CLANG_ANALYZER_NONNULL = YES;
				CLANG_ANALYZER_NUMBER_OBJECT_CONVERSION = YES_AGGRESSIVE;
				CLANG_CXX_LANGUAGE_STANDARD = "gnu++20";
				CLANG_ENABLE_MODULES = YES;
				CLANG_ENABLE_OBJC_ARC = YES;
				CLANG_ENABLE_OBJC_WEAK = YES;
				CLANG_WARN_BLOCK_CAPTURE_AUTORELEASING = YES;
				CLANG_WARN_BOOL_CONVERSION = YES;
				CLANG_WARN_COMMA = YES;
				CLANG_WARN_CONSTANT_CONVERSION = YES;
				CLANG_WARN_DEPRECATED_OBJC_IMPLEMENTATIONS = YES;
				CLANG_WARN_DIRECT_OBJC_ISA_USAGE = YES_ERROR;
				CLANG_WARN_DOCUMENTATION_COMMENTS = YES;
				CLANG_WARN_EMPTY_BODY = YES;
				CLANG_WARN_ENUM_CONVERSION = YES;
				CLANG_WARN_INFINITE_RECURSION = YES;
				CLANG_WARN_INT_CONVERSION = YES;
				CLANG_WARN_NON_LITERAL_NULL_CONVERSION = YES;
				CLANG_WARN_OBJC_IMPLICIT_RETAIN_SELF = YES;
				CLANG_WARN_OBJC_LITERAL_CONVERSION = YES;
				CLANG_WARN_OBJC_ROOT_CLASS = YES_ERROR;
				CLANG_WARN_QUOTED_INCLUDE_IN_FRAMEWORK_HEADER = YES;
				CLANG_WARN_RANGE_LOOP_ANALYSIS = YES;
				CLANG_WARN_STRICT_PROTOTYPES = YES;
				CLANG_WARN_SUSPICIOUS_MOVE = YES;
				CLANG_WARN_UNGUARDED_AVAILABILITY = YES_AGGRESSIVE;
				CLANG_WARN_UNREACHABLE_CODE = YES;
				CLANG_WARN__DUPLICATE_METHOD_MATCH = YES;
				COPY_PHASE_STRIP = NO;
				DEBUG_INFORMATION_FORMAT = "dwarf-with-dsym";
				ENABLE_NS_ASSERTIONS = NO;
				ENABLE_STRICT_OBJC_MSGSEND = YES;
				GCC_C_LANGUAGE_STANDARD = gnu11;
				GCC_NO_COMMON_BLOCKS = YES;
				GCC_WARN_64_TO_32_BIT_CONVERSION = YES;
				GCC_WARN_ABOUT_RETURN_TYPE = YES_ERROR;
				GCC_WARN_UNDECLARED_SELECTOR = YES;
				GCC_WARN_UNINITIALIZED_AUTOS = YES_AGGRESSIVE;
				GCC_WARN_UNUSED_FUNCTION = YES;
				GCC_WARN_UNUSED_VARIABLE = YES;
				IPHONEOS_DEPLOYMENT_TARGET = 16.4;
				MTL_ENABLE_DEBUG_INFO = NO;
				MTL_FAST_MATH = YES;
				SDKROOT = iphoneos;
				SWIFT_COMPILATION_MODE = wholemodule;
				SWIFT_OPTIMIZATION_LEVEL = "-O";
				VALIDATE_PRODUCT = YES;
			};
			name = Release;
		};
		3F4E9C7C2A61976F00D3F2DF /* Debug */ = {
			isa = XCBuildConfiguration;
			buildSettings = {
				ASSETCATALOG_COMPILER_APPICON_NAME = AppIcon;
				ASSETCATALOG_COMPILER_GLOBAL_ACCENT_COLOR_NAME = AccentColor;
				CODE_SIGN_STYLE = Automatic;
				CURRENT_PROJECT_VERSION = 1;
				DEVELOPMENT_ASSET_PATHS = "\"iOS_072_Jangyeohoon/Preview Content\"";
				DEVELOPMENT_TEAM = KQR52SK4D7;
				ENABLE_PREVIEWS = YES;
				GENERATE_INFOPLIST_FILE = YES;
				INFOPLIST_KEY_UIApplicationSceneManifest_Generation = YES;
				INFOPLIST_KEY_UIApplicationSupportsIndirectInputEvents = YES;
				INFOPLIST_KEY_UILaunchScreen_Generation = YES;
				INFOPLIST_KEY_UISupportedInterfaceOrientations_iPad = "UIInterfaceOrientationPortrait UIInterfaceOrientationPortraitUpsideDown UIInterfaceOrientationLandscapeLeft UIInterfaceOrientationLandscapeRight";
				INFOPLIST_KEY_UISupportedInterfaceOrientations_iPhone = "UIInterfaceOrientationPortrait UIInterfaceOrientationLandscapeLeft UIInterfaceOrientationLandscapeRight";
				LD_RUNPATH_SEARCH_PATHS = (
					"$(inherited)",
					"@executable_path/Frameworks",
				);
				MARKETING_VERSION = 1.0;
				PRODUCT_BUNDLE_IDENTIFIER = "yuhhoon-jang.iOS-072-Jangyeohoon";
				PRODUCT_NAME = "$(TARGET_NAME)";
				SWIFT_EMIT_LOC_STRINGS = YES;
				SWIFT_VERSION = 5.0;
				TARGETED_DEVICE_FAMILY = "1,2";
			};
			name = Debug;
		};
		3F4E9C7D2A61976F00D3F2DF /* Release */ = {
			isa = XCBuildConfiguration;
			buildSettings = {
				ASSETCATALOG_COMPILER_APPICON_NAME = AppIcon;
				ASSETCATALOG_COMPILER_GLOBAL_ACCENT_COLOR_NAME = AccentColor;
				CODE_SIGN_STYLE = Automatic;
				CURRENT_PROJECT_VERSION = 1;
				DEVELOPMENT_ASSET_PATHS = "\"iOS_072_Jangyeohoon/Preview Content\"";
				DEVELOPMENT_TEAM = KQR52SK4D7;
				ENABLE_PREVIEWS = YES;
				GENERATE_INFOPLIST_FILE = YES;
				INFOPLIST_KEY_UIApplicationSceneManifest_Generation = YES;
				INFOPLIST_KEY_UIApplicationSupportsIndirectInputEvents = YES;
				INFOPLIST_KEY_UILaunchScreen_Generation = YES;
				INFOPLIST_KEY_UISupportedInterfaceOrientations_iPad = "UIInterfaceOrientationPortrait UIInterfaceOrientationPortraitUpsideDown UIInterfaceOrientationLandscapeLeft UIInterfaceOrientationLandscapeRight";
				INFOPLIST_KEY_UISupportedInterfaceOrientations_iPhone = "UIInterfaceOrientationPortrait UIInterfaceOrientationLandscapeLeft UIInterfaceOrientationLandscapeRight";
				LD_RUNPATH_SEARCH_PATHS = (
					"$(inherited)",
					"@executable_path/Frameworks",
				);
				MARKETING_VERSION = 1.0;
				PRODUCT_BUNDLE_IDENTIFIER = "yuhhoon-jang.iOS-072-Jangyeohoon";
				PRODUCT_NAME = "$(TARGET_NAME)";
				SWIFT_EMIT_LOC_STRINGS = YES;
				SWIFT_VERSION = 5.0;
				TARGETED_DEVICE_FAMILY = "1,2";
			};
			name = Release;
		};
/* End XCBuildConfiguration section */

/* Begin XCConfigurationList section */
		3F4E9C682A61976F00D3F2DF /* Build configuration list for PBXProject "iOS_072_Jangyeohoon" */ = {
			isa = XCConfigurationList;
			buildConfigurations = (
				3F4E9C792A61976F00D3F2DF /* Debug */,
				3F4E9C7A2A61976F00D3F2DF /* Release */,
			);
			defaultConfigurationIsVisible = 0;
			defaultConfigurationName = Release;
		};
		3F4E9C7B2A61976F00D3F2DF /* Build configuration list for PBXNativeTarget "iOS_072_Jangyeohoon" */ = {
			isa = XCConfigurationList;
			buildConfigurations = (
				3F4E9C7C2A61976F00D3F2DF /* Debug */,
				3F4E9C7D2A61976F00D3F2DF /* Release */,
			);
			defaultConfigurationIsVisible = 0;
			defaultConfigurationName = Release;
		};
/* End XCConfigurationList section */
	};
	rootObject = 3F4E9C652A61976F00D3F2DF /* Project object */;
}
